// !$*UTF8*$!
{
	archiveVersion = 1;
	classes = {
	};
	objectVersion = 56;
	objects = {

/* Begin PBXBuildFile section */
		D315269C2A00E6D6007EE0B8 /* PexelsModel.swift in Sources */ = {isa = PBXBuildFile; fileRef = D315269B2A00E6D6007EE0B8 /* PexelsModel.swift */; };
		D35AF7522A00E23700D286B5 /* AppDelegate.swift in Sources */ = {isa = PBXBuildFile; fileRef = D35AF7512A00E23700D286B5 /* AppDelegate.swift */; };
		D35AF7542A00E23700D286B5 /* SceneDelegate.swift in Sources */ = {isa = PBXBuildFile; fileRef = D35AF7532A00E23700D286B5 /* SceneDelegate.swift */; };
		D35AF7562A00E23700D286B5 /* ViewController.swift in Sources */ = {isa = PBXBuildFile; fileRef = D35AF7552A00E23700D286B5 /* ViewController.swift */; };
		D35AF7592A00E23700D286B5 /* Main.storyboard in Resources */ = {isa = PBXBuildFile; fileRef = D35AF7572A00E23700D286B5 /* Main.storyboard */; };
		D35AF75B2A00E23800D286B5 /* Assets.xcassets in Resources */ = {isa = PBXBuildFile; fileRef = D35AF75A2A00E23800D286B5 /* Assets.xcassets */; };
		D35AF75E2A00E23800D286B5 /* LaunchScreen.storyboard in Resources */ = {isa = PBXBuildFile; fileRef = D35AF75C2A00E23800D286B5 /* LaunchScreen.storyboard */; };
		D368981D2A03FD9F0057FAFE /* ImageViewController.swift in Sources */ = {isa = PBXBuildFile; fileRef = D368981B2A03FD9F0057FAFE /* ImageViewController.swift */; };
		D368981E2A03FD9F0057FAFE /* ImageViewController.xib in Resources */ = {isa = PBXBuildFile; fileRef = D368981C2A03FD9F0057FAFE /* ImageViewController.xib */; };
		D36898212A0406310057FAFE /* SearchTextCollectionViewCell.swift in Sources */ = {isa = PBXBuildFile; fileRef = D368981F2A0406310057FAFE /* SearchTextCollectionViewCell.swift */; };
		D36898222A0406310057FAFE /* SearchTextCollectionViewCell.xib in Resources */ = {isa = PBXBuildFile; fileRef = D36898202A0406310057FAFE /* SearchTextCollectionViewCell.xib */; };
		D3BD1C9C2A02587900CBF540 /* SearchPhotoResponse.swift in Sources */ = {isa = PBXBuildFile; fileRef = D3BD1C9B2A02587900CBF540 /* SearchPhotoResponse.swift */; };
		D3BD1C9F2A025AF300CBF540 /* PhotoCollectionViewCell.swift in Sources */ = {isa = PBXBuildFile; fileRef = D3BD1C9D2A025AF300CBF540 /* PhotoCollectionViewCell.swift */; };
		D3BD1CA02A025AF300CBF540 /* PhotoCollectionViewCell.xib in Resources */ = {isa = PBXBuildFile; fileRef = D3BD1C9E2A025AF300CBF540 /* PhotoCollectionViewCell.xib */; };
/* End PBXBuildFile section */

/* Begin PBXFileReference section */
		D315269B2A00E6D6007EE0B8 /* PexelsModel.swift */ = {isa = PBXFileReference; lastKnownFileType = sourcecode.swift; path = PexelsModel.swift; sourceTree = "<group>"; };
		D35AF74E2A00E23700D286B5 /* Pexels High-Quality images.app */ = {isa = PBXFileReference; explicitFileType = wrapper.application; includeInIndex = 0; path = "Pexels High-Quality images.app"; sourceTree = BUILT_PRODUCTS_DIR; };
		D35AF7512A00E23700D286B5 /* AppDelegate.swift */ = {isa = PBXFileReference; lastKnownFileType = sourcecode.swift; path = AppDelegate.swift; sourceTree = "<group>"; };
		D35AF7532A00E23700D286B5 /* SceneDelegate.swift */ = {isa = PBXFileReference; lastKnownFileType = sourcecode.swift; path = SceneDelegate.swift; sourceTree = "<group>"; };
		D35AF7552A00E23700D286B5 /* ViewController.swift */ = {isa = PBXFileReference; lastKnownFileType = sourcecode.swift; path = ViewController.swift; sourceTree = "<group>"; };
		D35AF7582A00E23700D286B5 /* Base */ = {isa = PBXFileReference; lastKnownFileType = file.storyboard; name = Base; path = Base.lproj/Main.storyboard; sourceTree = "<group>"; };
		D35AF75A2A00E23800D286B5 /* Assets.xcassets */ = {isa = PBXFileReference; lastKnownFileType = folder.assetcatalog; path = Assets.xcassets; sourceTree = "<group>"; };
		D35AF75D2A00E23800D286B5 /* Base */ = {isa = PBXFileReference; lastKnownFileType = file.storyboard; name = Base; path = Base.lproj/LaunchScreen.storyboard; sourceTree = "<group>"; };
		D35AF75F2A00E23800D286B5 /* Info.plist */ = {isa = PBXFileReference; lastKnownFileType = text.plist.xml; path = Info.plist; sourceTree = "<group>"; };
		D368981B2A03FD9F0057FAFE /* ImageViewController.swift */ = {isa = PBXFileReference; lastKnownFileType = sourcecode.swift; path = ImageViewController.swift; sourceTree = "<group>"; };
		D368981C2A03FD9F0057FAFE /* ImageViewController.xib */ = {isa = PBXFileReference; lastKnownFileType = file.xib; path = ImageViewController.xib; sourceTree = "<group>"; };
		D368981F2A0406310057FAFE /* SearchTextCollectionViewCell.swift */ = {isa = PBXFileReference; lastKnownFileType = sourcecode.swift; path = SearchTextCollectionViewCell.swift; sourceTree = "<group>"; };
		D36898202A0406310057FAFE /* SearchTextCollectionViewCell.xib */ = {isa = PBXFileReference; lastKnownFileType = file.xib; path = SearchTextCollectionViewCell.xib; sourceTree = "<group>"; };
		D3BD1C9B2A02587900CBF540 /* SearchPhotoResponse.swift */ = {isa = PBXFileReference; lastKnownFileType = sourcecode.swift; path = SearchPhotoResponse.swift; sourceTree = "<group>"; };
		D3BD1C9D2A025AF300CBF540 /* PhotoCollectionViewCell.swift */ = {isa = PBXFileReference; lastKnownFileType = sourcecode.swift; path = PhotoCollectionViewCell.swift; sourceTree = "<group>"; };
		D3BD1C9E2A025AF300CBF540 /* PhotoCollectionViewCell.xib */ = {isa = PBXFileReference; lastKnownFileType = file.xib; path = PhotoCollectionViewCell.xib; sourceTree = "<group>"; };
/* End PBXFileReference section */

/* Begin PBXFrameworksBuildPhase section */
		D35AF74B2A00E23700D286B5 /* Frameworks */ = {
			isa = PBXFrameworksBuildPhase;
			buildActionMask = 2147483647;
			files = (
			);
			runOnlyForDeploymentPostprocessing = 0;
		};
/* End PBXFrameworksBuildPhase section */

/* Begin PBXGroup section */
		D35AF7452A00E23700D286B5 = {
			isa = PBXGroup;
			children = (
				D35AF7502A00E23700D286B5 /* Pexels High-Quality images */,
				D35AF74F2A00E23700D286B5 /* Products */,
			);
			sourceTree = "<group>";
		};
		D35AF74F2A00E23700D286B5 /* Products */ = {
			isa = PBXGroup;
			children = (
				D35AF74E2A00E23700D286B5 /* Pexels High-Quality images.app */,
			);
			name = Products;
			sourceTree = "<group>";
		};
		D35AF7502A00E23700D286B5 /* Pexels High-Quality images */ = {
			isa = PBXGroup;
			children = (
				D35AF7652A00E24F00D286B5 /* App */,
				D35AF7662A00E25700D286B5 /* Controllers */,
				D35AF7692A00E26900D286B5 /* Models */,
				D35AF7682A00E26500D286B5 /* Resources */,
				D35AF7672A00E25F00D286B5 /* Views */,
			);
			path = "Pexels High-Quality images";
			sourceTree = "<group>";
		};
		D35AF7652A00E24F00D286B5 /* App */ = {
			isa = PBXGroup;
			children = (
				D35AF7512A00E23700D286B5 /* AppDelegate.swift */,
				D35AF7532A00E23700D286B5 /* SceneDelegate.swift */,
				D35AF75C2A00E23800D286B5 /* LaunchScreen.storyboard */,
				D35AF75F2A00E23800D286B5 /* Info.plist */,
			);
			path = App;
			sourceTree = "<group>";
		};
		D35AF7662A00E25700D286B5 /* Controllers */ = {
			isa = PBXGroup;
			children = (
				D35AF7552A00E23700D286B5 /* ViewController.swift */,
				D368981F2A0406310057FAFE /* SearchTextCollectionViewCell.swift */,
				D36898202A0406310057FAFE /* SearchTextCollectionViewCell.xib */,
				D368981B2A03FD9F0057FAFE /* ImageViewController.swift */,
				D368981C2A03FD9F0057FAFE /* ImageViewController.xib */,
				D3BD1C9D2A025AF300CBF540 /* PhotoCollectionViewCell.swift */,
				D3BD1C9E2A025AF300CBF540 /* PhotoCollectionViewCell.xib */,
			);
			path = Controllers;
			sourceTree = "<group>";
		};
		D35AF7672A00E25F00D286B5 /* Views */ = {
			isa = PBXGroup;
			children = (
				D35AF7572A00E23700D286B5 /* Main.storyboard */,
			);
			path = Views;
			sourceTree = "<group>";
		};
		D35AF7682A00E26500D286B5 /* Resources */ = {
			isa = PBXGroup;
			children = (
				D35AF75A2A00E23800D286B5 /* Assets.xcassets */,
			);
			path = Resources;
			sourceTree = "<group>";
		};
		D35AF7692A00E26900D286B5 /* Models */ = {
			isa = PBXGroup;
			children = (
				D315269B2A00E6D6007EE0B8 /* PexelsModel.swift */,
				D3BD1C9B2A02587900CBF540 /* SearchPhotoResponse.swift */,
			);
			path = Models;
			sourceTree = "<group>";
		};
/* End PBXGroup section */

/* Begin PBXNativeTarget section */
		D35AF74D2A00E23700D286B5 /* Pexels High-Quality images */ = {
			isa = PBXNativeTarget;
			buildConfigurationList = D35AF7622A00E23800D286B5 /* Build configuration list for PBXNativeTarget "Pexels High-Quality images" */;
			buildPhases = (
				D35AF74A2A00E23700D286B5 /* Sources */,
				D35AF74B2A00E23700D286B5 /* Frameworks */,
				D35AF74C2A00E23700D286B5 /* Resources */,
			);
			buildRules = (
			);
			dependencies = (
			);
			name = "Pexels High-Quality images";
			productName = "Pexels High-Quality images";
			productReference = D35AF74E2A00E23700D286B5 /* Pexels High-Quality images.app */;
			productType = "com.apple.product-type.application";
		};
/* End PBXNativeTarget section */

/* Begin PBXProject section */
		D35AF7462A00E23700D286B5 /* Project object */ = {
			isa = PBXProject;
			attributes = {
				BuildIndependentTargetsInParallel = 1;
				LastSwiftUpdateCheck = 1430;
				LastUpgradeCheck = 1430;
				TargetAttributes = {
					D35AF74D2A00E23700D286B5 = {
						CreatedOnToolsVersion = 14.3;
					};
				};
			};
			buildConfigurationList = D35AF7492A00E23700D286B5 /* Build configuration list for PBXProject "Pexels High-Quality images" */;
			compatibilityVersion = "Xcode 14.0";
			developmentRegion = en;
			hasScannedForEncodings = 0;
			knownRegions = (
				en,
				Base,
			);
			mainGroup = D35AF7452A00E23700D286B5;
			productRefGroup = D35AF74F2A00E23700D286B5 /* Products */;
			projectDirPath = "";
			projectRoot = "";
			targets = (
				D35AF74D2A00E23700D286B5 /* Pexels High-Quality images */,
			);
		};
/* End PBXProject section */

/* Begin PBXResourcesBuildPhase section */
		D35AF74C2A00E23700D286B5 /* Resources */ = {
			isa = PBXResourcesBuildPhase;
			buildActionMask = 2147483647;
			files = (
				D368981E2A03FD9F0057FAFE /* ImageViewController.xib in Resources */,
				D35AF75E2A00E23800D286B5 /* LaunchScreen.storyboard in Resources */,
				D3BD1CA02A025AF300CBF540 /* PhotoCollectionViewCell.xib in Resources */,
				D35AF75B2A00E23800D286B5 /* Assets.xcassets in Resources */,
				D36898222A0406310057FAFE /* SearchTextCollectionViewCell.xib in Resources */,
				D35AF7592A00E23700D286B5 /* Main.storyboard in Resources */,
			);
			runOnlyForDeploymentPostprocessing = 0;
		};
/* End PBXResourcesBuildPhase section */

/* Begin PBXSourcesBuildPhase section */
		D35AF74A2A00E23700D286B5 /* Sources */ = {
			isa = PBXSourcesBuildPhase;
			buildActionMask = 2147483647;
			files = (
				D35AF7562A00E23700D286B5 /* ViewController.swift in Sources */,
				D35AF7522A00E23700D286B5 /* AppDelegate.swift in Sources */,
				D315269C2A00E6D6007EE0B8 /* PexelsModel.swift in Sources */,
				D36898212A0406310057FAFE /* SearchTextCollectionViewCell.swift in Sources */,
				D368981D2A03FD9F0057FAFE /* ImageViewController.swift in Sources */,
				D3BD1C9C2A02587900CBF540 /* SearchPhotoResponse.swift in Sources */,
				D35AF7542A00E23700D286B5 /* SceneDelegate.swift in Sources */,
				D3BD1C9F2A025AF300CBF540 /* PhotoCollectionViewCell.swift in Sources */,
			);
			runOnlyForDeploymentPostprocessing = 0;
		};
/* End PBXSourcesBuildPhase section */

/* Begin PBXVariantGroup section */
		D35AF7572A00E23700D286B5 /* Main.storyboard */ = {
			isa = PBXVariantGroup;
			children = (
				D35AF7582A00E23700D286B5 /* Base */,
			);
			name = Main.storyboard;
			sourceTree = "<group>";
		};
		D35AF75C2A00E23800D286B5 /* LaunchScreen.storyboard */ = {
			isa = PBXVariantGroup;
			children = (
				D35AF75D2A00E23800D286B5 /* Base */,
			);
			name = LaunchScreen.storyboard;
			sourceTree = "<group>";
		};
/* End PBXVariantGroup section */

/* Begin XCBuildConfiguration section */
		D35AF7602A00E23800D286B5 /* Debug */ = {
			isa = XCBuildConfiguration;
			buildSettings = {
				ALWAYS_SEARCH_USER_PATHS = NO;
				CLANG_ANALYZER_NONNULL = YES;
				CLANG_ANALYZER_NUMBER_OBJECT_CONVERSION = YES_AGGRESSIVE;
				CLANG_CXX_LANGUAGE_STANDARD = "gnu++20";
				CLANG_ENABLE_MODULES = YES;
				CLANG_ENABLE_OBJC_ARC = YES;
				CLANG_ENABLE_OBJC_WEAK = YES;
				CLANG_WARN_BLOCK_CAPTURE_AUTORELEASING = YES;
				CLANG_WARN_BOOL_CONVERSION = YES;
				CLANG_WARN_COMMA = YES;
				CLANG_WARN_CONSTANT_CONVERSION = YES;
				CLANG_WARN_DEPRECATED_OBJC_IMPLEMENTATIONS = YES;
				CLANG_WARN_DIRECT_OBJC_ISA_USAGE = YES_ERROR;
				CLANG_WARN_DOCUMENTATION_COMMENTS = YES;
				CLANG_WARN_EMPTY_BODY = YES;
				CLANG_WARN_ENUM_CONVERSION = YES;
				CLANG_WARN_INFINITE_RECURSION = YES;
				CLANG_WARN_INT_CONVERSION = YES;
				CLANG_WARN_NON_LITERAL_NULL_CONVERSION = YES;
				CLANG_WARN_OBJC_IMPLICIT_RETAIN_SELF = YES;
				CLANG_WARN_OBJC_LITERAL_CONVERSION = YES;
				CLANG_WARN_OBJC_ROOT_CLASS = YES_ERROR;
				CLANG_WARN_QUOTED_INCLUDE_IN_FRAMEWORK_HEADER = YES;
				CLANG_WARN_RANGE_LOOP_ANALYSIS = YES;
				CLANG_WARN_STRICT_PROTOTYPES = YES;
				CLANG_WARN_SUSPICIOUS_MOVE = YES;
				CLANG_WARN_UNGUARDED_AVAILABILITY = YES_AGGRESSIVE;
				CLANG_WARN_UNREACHABLE_CODE = YES;
				CLANG_WARN__DUPLICATE_METHOD_MATCH = YES;
				COPY_PHASE_STRIP = NO;
				DEBUG_INFORMATION_FORMAT = dwarf;
				ENABLE_STRICT_OBJC_MSGSEND = YES;
				ENABLE_TESTABILITY = YES;
				GCC_C_LANGUAGE_STANDARD = gnu11;
				GCC_DYNAMIC_NO_PIC = NO;
				GCC_NO_COMMON_BLOCKS = YES;
				GCC_OPTIMIZATION_LEVEL = 0;
				GCC_PREPROCESSOR_DEFINITIONS = (
					"DEBUG=1",
					"$(inherited)",
				);
				GCC_WARN_64_TO_32_BIT_CONVERSION = YES;
				GCC_WARN_ABOUT_RETURN_TYPE = YES_ERROR;
				GCC_WARN_UNDECLARED_SELECTOR = YES;
				GCC_WARN_UNINITIALIZED_AUTOS = YES_AGGRESSIVE;
				GCC_WARN_UNUSED_FUNCTION = YES;
				GCC_WARN_UNUSED_VARIABLE = YES;
				IPHONEOS_DEPLOYMENT_TARGET = 16.4;
				MTL_ENABLE_DEBUG_INFO = INCLUDE_SOURCE;
				MTL_FAST_MATH = YES;
				ONLY_ACTIVE_ARCH = YES;
				SDKROOT = iphoneos;
				SWIFT_ACTIVE_COMPILATION_CONDITIONS = DEBUG;
				SWIFT_OPTIMIZATION_LEVEL = "-Onone";
			};
			name = Debug;
		};
		D35AF7612A00E23800D286B5 /* Release */ = {
			isa = XCBuildConfiguration;
			buildSettings = {
				ALWAYS_SEARCH_USER_PATHS = NO;
				CLANG_ANALYZER_NONNULL = YES;
				CLANG_ANALYZER_NUMBER_OBJECT_CONVERSION = YES_AGGRESSIVE;
				CLANG_CXX_LANGUAGE_STANDARD = "gnu++20";
				CLANG_ENABLE_MODULES = YES;
				CLANG_ENABLE_OBJC_ARC = YES;
				CLANG_ENABLE_OBJC_WEAK = YES;
				CLANG_WARN_BLOCK_CAPTURE_AUTORELEASING = YES;
				CLANG_WARN_BOOL_CONVERSION = YES;
				CLANG_WARN_COMMA = YES;
				CLANG_WARN_CONSTANT_CONVERSION = YES;
				CLANG_WARN_DEPRECATED_OBJC_IMPLEMENTATIONS = YES;
				CLANG_WARN_DIRECT_OBJC_ISA_USAGE = YES_ERROR;
				CLANG_WARN_DOCUMENTATION_COMMENTS = YES;
				CLANG_WARN_EMPTY_BODY = YES;
				CLANG_WARN_ENUM_CONVERSION = YES;
				CLANG_WARN_INFINITE_RECURSION = YES;
				CLANG_WARN_INT_CONVERSION = YES;
				CLANG_WARN_NON_LITERAL_NULL_CONVERSION = YES;
				CLANG_WARN_OBJC_IMPLICIT_RETAIN_SELF = YES;
				CLANG_WARN_OBJC_LITERAL_CONVERSION = YES;
				CLANG_WARN_OBJC_ROOT_CLASS = YES_ERROR;
				CLANG_WARN_QUOTED_INCLUDE_IN_FRAMEWORK_HEADER = YES;
				CLANG_WARN_RANGE_LOOP_ANALYSIS = YES;
				CLANG_WARN_STRICT_PROTOTYPES = YES;
				CLANG_WARN_SUSPICIOUS_MOVE = YES;
				CLANG_WARN_UNGUARDED_AVAILABILITY = YES_AGGRESSIVE;
				CLANG_WARN_UNREACHABLE_CODE = YES;
				CLANG_WARN__DUPLICATE_METHOD_MATCH = YES;
				COPY_PHASE_STRIP = NO;
				DEBUG_INFORMATION_FORMAT = "dwarf-with-dsym";
				ENABLE_NS_ASSERTIONS = NO;
				ENABLE_STRICT_OBJC_MSGSEND = YES;
				GCC_C_LANGUAGE_STANDARD = gnu11;
				GCC_NO_COMMON_BLOCKS = YES;
				GCC_WARN_64_TO_32_BIT_CONVERSION = YES;
				GCC_WARN_ABOUT_RETURN_TYPE = YES_ERROR;
				GCC_WARN_UNDECLARED_SELECTOR = YES;
				GCC_WARN_UNINITIALIZED_AUTOS = YES_AGGRESSIVE;
				GCC_WARN_UNUSED_FUNCTION = YES;
				GCC_WARN_UNUSED_VARIABLE = YES;
				IPHONEOS_DEPLOYMENT_TARGET = 16.4;
				MTL_ENABLE_DEBUG_INFO = NO;
				MTL_FAST_MATH = YES;
				SDKROOT = iphoneos;
				SWIFT_COMPILATION_MODE = wholemodule;
				SWIFT_OPTIMIZATION_LEVEL = "-O";
				VALIDATE_PRODUCT = YES;
			};
			name = Release;
		};
		D35AF7632A00E23800D286B5 /* Debug */ = {
			isa = XCBuildConfiguration;
			buildSettings = {
				ASSETCATALOG_COMPILER_APPICON_NAME = AppIcon;
				ASSETCATALOG_COMPILER_GLOBAL_ACCENT_COLOR_NAME = AccentColor;
				CODE_SIGN_STYLE = Automatic;
				CURRENT_PROJECT_VERSION = 1;
				DEVELOPMENT_TEAM = 95S4N2TWZ7;
				GENERATE_INFOPLIST_FILE = YES;
				INFOPLIST_FILE = "Pexels High-Quality images/App/Info.plist";
				INFOPLIST_KEY_UIApplicationSupportsIndirectInputEvents = YES;
				INFOPLIST_KEY_UILaunchStoryboardName = LaunchScreen;
				INFOPLIST_KEY_UIMainStoryboardFile = Main;
				INFOPLIST_KEY_UISupportedInterfaceOrientations_iPad = "UIInterfaceOrientationPortrait UIInterfaceOrientationPortraitUpsideDown UIInterfaceOrientationLandscapeLeft UIInterfaceOrientationLandscapeRight";
				INFOPLIST_KEY_UISupportedInterfaceOrientations_iPhone = "UIInterfaceOrientationPortrait UIInterfaceOrientationLandscapeLeft UIInterfaceOrientationLandscapeRight";
				LD_RUNPATH_SEARCH_PATHS = (
					"$(inherited)",
					"@executable_path/Frameworks",
				);
				MARKETING_VERSION = 1.0;
				PRODUCT_BUNDLE_IDENTIFIER = "com.abylay.Pexels-High-Quality-images";
				PRODUCT_NAME = "$(TARGET_NAME)";
				SWIFT_EMIT_LOC_STRINGS = YES;
				SWIFT_VERSION = 5.0;
				TARGETED_DEVICE_FAMILY = "1,2";
			};
			name = Debug;
		};
		D35AF7642A00E23800D286B5 /* Release */ = {
			isa = XCBuildConfiguration;
			buildSettings = {
				ASSETCATALOG_COMPILER_APPICON_NAME = AppIcon;
				ASSETCATALOG_COMPILER_GLOBAL_ACCENT_COLOR_NAME = AccentColor;
				CODE_SIGN_STYLE = Automatic;
				CURRENT_PROJECT_VERSION = 1;
				DEVELOPMENT_TEAM = 95S4N2TWZ7;
				GENERATE_INFOPLIST_FILE = YES;
				INFOPLIST_FILE = "Pexels High-Quality images/App/Info.plist";
				INFOPLIST_KEY_UIApplicationSupportsIndirectInputEvents = YES;
				INFOPLIST_KEY_UILaunchStoryboardName = LaunchScreen;
				INFOPLIST_KEY_UIMainStoryboardFile = Main;
				INFOPLIST_KEY_UISupportedInterfaceOrientations_iPad = "UIInterfaceOrientationPortrait UIInterfaceOrientationPortraitUpsideDown UIInterfaceOrientationLandscapeLeft UIInterfaceOrientationLandscapeRight";
				INFOPLIST_KEY_UISupportedInterfaceOrientations_iPhone = "UIInterfaceOrientationPortrait UIInterfaceOrientationLandscapeLeft UIInterfaceOrientationLandscapeRight";
				LD_RUNPATH_SEARCH_PATHS = (
					"$(inherited)",
					"@executable_path/Frameworks",
				);
				MARKETING_VERSION = 1.0;
				PRODUCT_BUNDLE_IDENTIFIER = "com.abylay.Pexels-High-Quality-images";
				PRODUCT_NAME = "$(TARGET_NAME)";
				SWIFT_EMIT_LOC_STRINGS = YES;
				SWIFT_VERSION = 5.0;
				TARGETED_DEVICE_FAMILY = "1,2";
			};
			name = Release;
		};
/* End XCBuildConfiguration section */

/* Begin XCConfigurationList section */
		D35AF7492A00E23700D286B5 /* Build configuration list for PBXProject "Pexels High-Quality images" */ = {
			isa = XCConfigurationList;
			buildConfigurations = (
				D35AF7602A00E23800D286B5 /* Debug */,
				D35AF7612A00E23800D286B5 /* Release */,
			);
			defaultConfigurationIsVisible = 0;
			defaultConfigurationName = Release;
		};
		D35AF7622A00E23800D286B5 /* Build configuration list for PBXNativeTarget "Pexels High-Quality images" */ = {
			isa = XCConfigurationList;
			buildConfigurations = (
				D35AF7632A00E23800D286B5 /* Debug */,
				D35AF7642A00E23800D286B5 /* Release */,
			);
			defaultConfigurationIsVisible = 0;
			defaultConfigurationName = Release;
		};
/* End XCConfigurationList section */
	};
	rootObject = D35AF7462A00E23700D286B5 /* Project object */;
}
